
Microsoft Visual Studio Solution File, Format Version 12.00
# Visual Studio 15
VisualStudioVersion = 15.0.28010.2048
MinimumVisualStudioVersion = 10.0.40219.1
Project("{FAE04EC0-301F-11D3-BF4B-00C04F79EFBC}") = "StingRemoveRepeatChar", "StingRemoveRepeatChar\StingRemoveRepeatChar.csproj", "{2BACC97C-874F-4FA0-8428-CCE2D0900DAE}"
EndProject
Global
	GlobalSection(SolutionConfigurationPlatforms) = preSolution
		Debug|Any CPU = Debug|Any CPU
		Release|Any CPU = Release|Any CPU
	EndGlobalSection
	GlobalSection(ProjectConfigurationPlatforms) = postSolution
		{2BACC97C-874F-4FA0-8428-CCE2D0900DAE}.Debug|Any CPU.ActiveCfg = Debug|Any CPU
		{2BACC97C-874F-4FA0-8428-CCE2D0900DAE}.Debug|Any CPU.Build.0 = Debug|Any CPU
		{2BACC97C-874F-4FA0-8428-CCE2D0900DAE}.Release|Any CPU.ActiveCfg = Release|Any CPU
		{2BACC97C-874F-4FA0-8428-CCE2D0900DAE}.Release|Any CPU.Build.0 = Release|Any CPU
	EndGlobalSection
	GlobalSection(SolutionProperties) = preSolution
		HideSolutionNode = FALSE
	EndGlobalSection
	GlobalSection(ExtensibilityGlobals) = postSolution
		SolutionGuid = {B5B8D612-62D4-42D4-97AD-0C4163C8E3C2}
	EndGlobalSection
EndGlobal
